
Microsoft Visual Studio Solution File, Format Version 12.00
# Visual Studio 2015
Project("{FAE04EC0-301F-11D3-BF4B-00C04F79EFBC}") = "TutorialTrainning.Plugins", "TutorialTrainning.Plugins.csproj", "{A8F926CD-FB83-55A6-4EBD-5079BE0CF9EC}"
EndProject
Project("{FAE04EC0-301F-11D3-BF4B-00C04F79EFBC}") = "TutorialTrainning", "TutorialTrainning.csproj", "{1BAC5BF5-69DA-A4F0-39E6-DCEA12270BA3}"
EndProject
Project("{FAE04EC0-301F-11D3-BF4B-00C04F79EFBC}") = "TutorialTrainning.Editor", "TutorialTrainning.Editor.csproj", "{2CB9BD0A-F785-AE64-F0F0-0A557D601FA3}"
EndProject
Global
	GlobalSection(SolutionConfigurationPlatforms) = preSolution
		Debug|Any CPU = Debug|Any CPU
		Release|Any CPU = Release|Any CPU
	EndGlobalSection
	GlobalSection(ProjectConfigurationPlatforms) = postSolution
		{A8F926CD-FB83-55A6-4EBD-5079BE0CF9EC}.Debug|Any CPU.ActiveCfg = Debug|Any CPU
		{A8F926CD-FB83-55A6-4EBD-5079BE0CF9EC}.Debug|Any CPU.Build.0 = Debug|Any CPU
		{A8F926CD-FB83-55A6-4EBD-5079BE0CF9EC}.Release|Any CPU.ActiveCfg = Release|Any CPU
		{A8F926CD-FB83-55A6-4EBD-5079BE0CF9EC}.Release|Any CPU.Build.0 = Release|Any CPU
		{1BAC5BF5-69DA-A4F0-39E6-DCEA12270BA3}.Debug|Any CPU.ActiveCfg = Debug|Any CPU
		{1BAC5BF5-69DA-A4F0-39E6-DCEA12270BA3}.Debug|Any CPU.Build.0 = Debug|Any CPU
		{1BAC5BF5-69DA-A4F0-39E6-DCEA12270BA3}.Release|Any CPU.ActiveCfg = Release|Any CPU
		{1BAC5BF5-69DA-A4F0-39E6-DCEA12270BA3}.Release|Any CPU.Build.0 = Release|Any CPU
		{2CB9BD0A-F785-AE64-F0F0-0A557D601FA3}.Debug|Any CPU.ActiveCfg = Debug|Any CPU
		{2CB9BD0A-F785-AE64-F0F0-0A557D601FA3}.Debug|Any CPU.Build.0 = Debug|Any CPU
		{2CB9BD0A-F785-AE64-F0F0-0A557D601FA3}.Release|Any CPU.ActiveCfg = Release|Any CPU
		{2CB9BD0A-F785-AE64-F0F0-0A557D601FA3}.Release|Any CPU.Build.0 = Release|Any CPU
	EndGlobalSection
	GlobalSection(SolutionProperties) = preSolution
		HideSolutionNode = FALSE
	EndGlobalSection
EndGlobal
